version = 1
revision = 3
requires-python = ">=3.12"

[[package]]
name = "ansel"
version = "1.0.0"
source = { registry = "https://pypi.org/simple" }
sdist = { url = "https://files.pythonhosted.org/packages/ae/bb/927aa3c995017ce87ab774cad36df0ca9bd26fbb9382ea6663cb162628d2/ansel-1.0.0.tar.gz", hash = "sha256:f5648060b8d1daa9013db9c8699c9a97d981ee191c78d5e50e8adade2735b688", size = 12811, upload-time = "2022-07-26T02:22:03.046Z" }
wheels = [
    { url = "https://files.pythonhosted.org/packages/2a/f8/71ac81d1ab4b7810b3e62a0984057068255a9d8612f294146e556b0c8a9f/ansel-1.0.0-py3-none-any.whl", hash = "sha256:f47925beb80bce1ccbde3c4ac6c2c24f80cb586b93b45a2011595bb005e2ea33", size = 12921, upload-time = "2022-07-26T02:22:01.124Z" },
]

[[package]]
name = "colorama"
version = "0.4.6"
source = { registry = "https://pypi.org/simple" }
sdist = { url = "https://files.pythonhosted.org/packages/d8/53/6f443c9a4a8358a93a6792e2acffb9d9d5cb0a5cfd8802644b7b1c9a02e4/colorama-0.4.6.tar.gz", hash = "sha256:08695f5cb7ed6e0531a20572697297273c47b8cae5a63ffc6d6ed5c201be6e44", size = 27697, upload-time = "2022-10-25T02:36:22.414Z" }
wheels = [
    { url = "https://files.pythonhosted.org/packages/d1/d6/3965ed04c63042e047cb6a3e6ed1a63a35087b6a609aa3a15ed8ac56c221/colorama-0.4.6-py2.py3-none-any.whl", hash = "sha256:4f1d9991f5acc0ca119f9d443620b77f9d6b33703e51011c16baf57afb285fc6", size = 25335, upload-time = "2022-10-25T02:36:20.889Z" },
]

[[package]]
name = "convertdate"
version = "2.4.1"
source = { registry = "https://pypi.org/simple" }
dependencies = [
    { name = "pymeeus" },
]
sdist = { url = "https://files.pythonhosted.org/packages/3a/8d/540bf9cdbcd59352ecf7a1925197881465a6c24fd6171765dc11bbeed19e/convertdate-2.4.1.tar.gz", hash = "sha256:ace904a9d0230742732471748160b99d6ae881c2d0dc9a2463c7a37340c56c91", size = 52505, upload-time = "2026-02-08T00:37:53.812Z" }
wheels = [
    { url = "https://files.pythonhosted.org/packages/fe/53/63d707d9de41aab3c51faa4f0e9234c36ee8c63f56c90c3ae23a01976e81/convertdate-2.4.1-py3-none-any.whl", hash = "sha256:0622acf8bc600956b937e8dd7cee36ba035669b62d2db224bf130af1fc84f754", size = 48440, upload-time = "2026-02-08T00:37:52.405Z" },
]

[[package]]
name = "ged4py"
version = "0.5.2"
source = { registry = "https://pypi.org/simple" }
dependencies = [
    { name = "ansel" },
    { name = "convertdate" },
]
sdist = { url = "https://files.pythonhosted.org/packages/07/0d/53da8c88ff75533d61ff03b62a011cd65dbbf41bdc2377f6f3fb94d8da0d/ged4py-0.5.2.tar.gz", hash = "sha256:35415d59baccf7676c626977935ecba4b878d999fb88560f64ecbe03fd847f9b", size = 54884, upload-time = "2025-03-19T23:16:21.035Z" }
wheels = [
    { url = "https://files.pythonhosted.org/packages/57/bb/60f6f5162110ae5364af560c04e5aabdde8e5b8a43872cac3437333a5500/ged4py-0.5.2-py3-none-any.whl", hash = "sha256:33d24a4b06431c2b8931b430071e39421e7788b41b720b66dc2f35b8d825f521", size = 29920, upload-time = "2025-03-19T23:16:19.505Z" },
]

[[package]]
name = "genealogy"
version = "0.1.0"
source = { editable = "." }
dependencies = [
    { name = "ged4py" },
]

[package.dev-dependencies]
dev = [
    { name = "pytest" },
]

[package.metadata]
requires-dist = [{ name = "ged4py", specifier = ">=0.5.2" }]

[package.metadata.requires-dev]
dev = [{ name = "pytest", specifier = ">=8.0" }]

[[package]]
name = "iniconfig"
version = "2.3.0"
source = { registry = "https://pypi.org/simple" }
sdist = { url = "https://files.pythonhosted.org/packages/72/34/14ca021ce8e5dfedc35312d08ba8bf51fdd999c576889fc2c24cb97f4f10/iniconfig-2.3.0.tar.gz", hash = "sha256:c76315c77db068650d49c5b56314774a7804df16fee4402c1f19d6d15d8c4730", size = 20503, upload-time = "2025-10-18T21:55:43.219Z" }
wheels = [
    { url = "https://files.pythonhosted.org/packages/cb/b1/3846dd7f199d53cb17f49cba7e651e9ce294d8497c8c150530ed11865bb8/iniconfig-2.3.0-py3-none-any.whl", hash = "sha256:f631c04d2c48c52b84d0d0549c99ff3859c98df65b3101406327ecc7d53fbf12", size = 7484, upload-time = "2025-10-18T21:55:41.639Z" },
]

[[package]]
name = "packaging"
version = "26.1"
source = { registry = "https://pypi.org/simple" }
sdist = { url = "https://files.pythonhosted.org/packages/df/de/0d2b39fb4af88a0258f3bac87dfcbb48e73fbdea4a2ed0e2213f9a4c2f9a/packaging-26.1.tar.gz", hash = "sha256:f042152b681c4bfac5cae2742a55e103d27ab2ec0f3d88037136b6bfe7c9c5de", size = 215519, upload-time = "2026-04-14T21:12:49.362Z" }
wheels = [
    { url = "https://files.pythonhosted.org/packages/7a/c2/920ef838e2f0028c8262f16101ec09ebd5969864e5a64c4c05fad0617c56/packaging-26.1-py3-none-any.whl", hash = "sha256:5d9c0669c6285e491e0ced2eee587eaf67b670d94a19e94e3984a481aba6802f", size = 95831, upload-time = "2026-04-14T21:12:47.56Z" },
]

[[package]]
name = "pluggy"
version = "1.6.0"
source = { registry = "https://pypi.org/simple" }
sdist = { url = "https://files.pythonhosted.org/packages/f9/e2/3e91f31a7d2b083fe6ef3fa267035b518369d9511ffab804f839851d2779/pluggy-1.6.0.tar.gz", hash = "sha256:7dcc130b76258d33b90f61b658791dede3486c3e6bfb003ee5c9bfb396dd22f3", size = 69412, upload-time = "2025-05-15T12:30:07.975Z" }
wheels = [
    { url = "https://files.pythonhosted.org/packages/54/20/4d324d65cc6d9205fabedc306948156824eb9f0ee1633355a8f7ec5c66bf/pluggy-1.6.0-py3-none-any.whl", hash = "sha256:e920276dd6813095e9377c0bc5566d94c932c33b27a3e3945d8389c374dd4746", size = 20538, upload-time = "2025-05-15T12:30:06.134Z" },
]

[[package]]
name = "pygments"
version = "2.20.0"
source = { registry = "https://pypi.org/simple" }
sdist = { url = "https://files.pythonhosted.org/packages/c3/b2/bc9c9196916376152d655522fdcebac55e66de6603a76a02bca1b6414f6c/pygments-2.20.0.tar.gz", hash = "sha256:6757cd03768053ff99f3039c1a36d6c0aa0b263438fcab17520b30a303a82b5f", size = 4955991, upload-time = "2026-03-29T13:29:33.898Z" }
wheels = [
    { url = "https://files.pythonhosted.org/packages/f4/7e/a72dd26f3b0f4f2bf1dd8923c85f7ceb43172af56d63c7383eb62b332364/pygments-2.20.0-py3-none-any.whl", hash = "sha256:81a9e26dd42fd28a23a2d169d86d7ac03b46e2f8b59ed4698fb4785f946d0176", size = 1231151, upload-time = "2026-03-29T13:29:30.038Z" },
]

[[package]]
name = "pymeeus"
version = "0.5.12"
source = { registry = "https://pypi.org/simple" }
sdist = { url = "https://files.pythonhosted.org/packages/81/76/599896b37e60f43078afd8354b3802eb7ca257a7e7f6253cc21c4c672877/PyMeeus-0.5.12.tar.gz", hash = "sha256:548f7186bd8b96cbc069cf649a8e8e377dce49ac74486709849fe63a99cad684", size = 5752712, upload-time = "2022-12-11T11:37:48.504Z" }

[[package]]
name = "pytest"
version = "9.0.3"
source = { registry = "https://pypi.org/simple" }
dependencies = [
    { name = "colorama", marker = "sys_platform == 'win32'" },
    { name = "iniconfig" },
    { name = "packaging" },
    { name = "pluggy" },
    { name = "pygments" },
]
sdist = { url = "https://files.pythonhosted.org/packages/7d/0d/549bd94f1a0a402dc8cf64563a117c0f3765662e2e668477624baeec44d5/pytest-9.0.3.tar.gz", hash = "sha256:b86ada508af81d19edeb213c681b1d48246c1a91d304c6c81a427674c17eb91c", size = 1572165, upload-time = "2026-04-07T17:16:18.027Z" }
wheels = [
    { url = "https://files.pythonhosted.org/packages/d4/24/a372aaf5c9b7208e7112038812994107bc65a84cd00e0354a88c2c77a617/pytest-9.0.3-py3-none-any.whl", hash = "sha256:2c5efc453d45394fdd706ade797c0a81091eccd1d6e4bccfcd476e2b8e0ab5d9", size = 375249, upload-time = "2026-04-07T17:16:16.13Z" },
]
